// !$*UTF8*$!
{
	archiveVersion = 1;
	classes = {
	};
	objectVersion = 46;
	objects = {

/* Begin PBXBuildFile section */
		450EB7361D27481500AE272B /* STKeychain.swift in Sources */ = {isa = PBXBuildFile; fileRef = 450EB7351D27481500AE272B /* STKeychain.swift */; };
		450EB7381D287FAA00AE272B /* PresenceIndicator.swift in Sources */ = {isa = PBXBuildFile; fileRef = 450EB7371D287FAA00AE272B /* PresenceIndicator.swift */; };
		4512823D1CF9295C0088DEDE /* AppDelegate.swift in Sources */ = {isa = PBXBuildFile; fileRef = 4512823C1CF9295C0088DEDE /* AppDelegate.swift */; };
		4512823F1CF9295C0088DEDE /* Assets.xcassets in Resources */ = {isa = PBXBuildFile; fileRef = 4512823E1CF9295C0088DEDE /* Assets.xcassets */; };
		451282421CF9295C0088DEDE /* MainMenu.xib in Resources */ = {isa = PBXBuildFile; fileRef = 451282401CF9295C0088DEDE /* MainMenu.xib */; };
		4512824D1CF9295C0088DEDE /* sidetalkTests.swift in Sources */ = {isa = PBXBuildFile; fileRef = 4512824C1CF9295C0088DEDE /* sidetalkTests.swift */; };
		451282581CF9295C0088DEDE /* sidetalkUITests.swift in Sources */ = {isa = PBXBuildFile; fileRef = 451282571CF9295C0088DEDE /* sidetalkUITests.swift */; };
		451282661CFA6F100088DEDE /* MainView.swift in Sources */ = {isa = PBXBuildFile; fileRef = 451282651CFA6F100088DEDE /* MainView.swift */; };
		452591C81D1CA93D000CF9F1 /* Impulse.swift in Sources */ = {isa = PBXBuildFile; fileRef = 452591C71D1CA93D000CF9F1 /* Impulse.swift */; };
		452591CA1D1D0751000CF9F1 /* ArrayExtensions.swift in Sources */ = {isa = PBXBuildFile; fileRef = 452591C91D1D0751000CF9F1 /* ArrayExtensions.swift */; };
		452591CC1D21F828000CF9F1 /* STTextDelegate.swift in Sources */ = {isa = PBXBuildFile; fileRef = 452591CB1D21F828000CF9F1 /* STTextDelegate.swift */; };
		452591CE1D222329000CF9F1 /* MainState.swift in Sources */ = {isa = PBXBuildFile; fileRef = 452591CD1D222329000CF9F1 /* MainState.swift */; };
		454DBB981D08E4C30065DA1B /* QuickCache.swift in Sources */ = {isa = PBXBuildFile; fileRef = 454DBB971D08E4C30065DA1B /* QuickCache.swift */; };
		454DBB9A1D0935190065DA1B /* ManagedSignal.swift in Sources */ = {isa = PBXBuildFile; fileRef = 454DBB991D0935190065DA1B /* ManagedSignal.swift */; };
		457A783E1D0F74DF005D58EF /* Conversation.swift in Sources */ = {isa = PBXBuildFile; fileRef = 457A783D1D0F74DF005D58EF /* Conversation.swift */; };
		457A78401D0F8B57005D58EF /* ConversationView.swift in Sources */ = {isa = PBXBuildFile; fileRef = 457A783F1D0F8B57005D58EF /* ConversationView.swift */; };
		457A78441D14C1F8005D58EF /* MessageView.swift in Sources */ = {isa = PBXBuildFile; fileRef = 457A78431D14C1F8005D58EF /* MessageView.swift */; };
		457DF9801D0CB0C4008BE043 /* StatusTile.swift in Sources */ = {isa = PBXBuildFile; fileRef = 457DF97F1D0CB0C4008BE043 /* StatusTile.swift */; };
		458A73401D0A423C0061FAFD /* Connection.swift in Sources */ = {isa = PBXBuildFile; fileRef = 458A733E1D0A423C0061FAFD /* Connection.swift */; };
		458A73411D0A423C0061FAFD /* Contact.swift in Sources */ = {isa = PBXBuildFile; fileRef = 458A733F1D0A423C0061FAFD /* Contact.swift */; };
		458A73431D0A43FB0061FAFD /* GlobalInteraction.swift in Sources */ = {isa = PBXBuildFile; fileRef = 458A73421D0A43FB0061FAFD /* GlobalInteraction.swift */; };
		458A73451D0A51E20061FAFD /* SignalExtensions.swift in Sources */ = {isa = PBXBuildFile; fileRef = 458A73441D0A51E20061FAFD /* SignalExtensions.swift */; };
		45AEC0051CFD1F6700203967 /* XUIBase.m in Sources */ = {isa = PBXBuildFile; fileRef = 45AEBFED1CFD1F6700203967 /* XUIBase.m */; };
		45AEC0061CFD1F6700203967 /* XUIBezierPathAdditions.m in Sources */ = {isa = PBXBuildFile; fileRef = 45AEBFEF1CFD1F6700203967 /* XUIBezierPathAdditions.m */; };
		45AEC0071CFD1F6700203967 /* XUIColorAdditions.m in Sources */ = {isa = PBXBuildFile; fileRef = 45AEBFF11CFD1F6700203967 /* XUIColorAdditions.m */; };
		45AEC0081CFD1F6700203967 /* XUIFontAdditions.m in Sources */ = {isa = PBXBuildFile; fileRef = 45AEBFF31CFD1F6700203967 /* XUIFontAdditions.m */; };
		45AEC0091CFD1F6700203967 /* XUIGeometry.m in Sources */ = {isa = PBXBuildFile; fileRef = 45AEBFF51CFD1F6700203967 /* XUIGeometry.m */; };
		45AEC00A1CFD1F6700203967 /* XUIGraphics.m in Sources */ = {isa = PBXBuildFile; fileRef = 45AEBFF71CFD1F6700203967 /* XUIGraphics.m */; };
		45AEC00B1CFD1F6700203967 /* XUIImageAdditions.m in Sources */ = {isa = PBXBuildFile; fileRef = 45AEBFF91CFD1F6700203967 /* XUIImageAdditions.m */; };
		45AEC00C1CFD1F6700203967 /* XUIIndexPathAdditions.m in Sources */ = {isa = PBXBuildFile; fileRef = 45AEBFFB1CFD1F6700203967 /* XUIIndexPathAdditions.m */; };
		45AEC00D1CFD1F6700203967 /* XUIValueAdditions.m in Sources */ = {isa = PBXBuildFile; fileRef = 45AEC0001CFD1F6700203967 /* XUIValueAdditions.m */; };
		45AEC00E1CFD1F6700203967 /* XUIView.m in Sources */ = {isa = PBXBuildFile; fileRef = 45AEC0021CFD1F6700203967 /* XUIView.m */; };
		45AEC00F1CFD1F6700203967 /* XUIViewAdditions.m in Sources */ = {isa = PBXBuildFile; fileRef = 45AEC0041CFD1F6700203967 /* XUIViewAdditions.m */; };
		45AEC0161CFD58AA00203967 /* ContactTile.swift in Sources */ = {isa = PBXBuildFile; fileRef = 45AEC0151CFD58AA00203967 /* ContactTile.swift */; };
		45AEC0181CFD592600203967 /* Common.swift in Sources */ = {isa = PBXBuildFile; fileRef = 45AEC0171CFD592600203967 /* Common.swift */; };
		45AEC01A1CFD59CF00203967 /* AvatarLayer.swift in Sources */ = {isa = PBXBuildFile; fileRef = 45AEC0191CFD59CF00203967 /* AvatarLayer.swift */; };
		90AA672577DACDA911E88D99 /* Pods_sidetalk.framework in Frameworks */ = {isa = PBXBuildFile; fileRef = 8D154A4621A69E3A2385A355 /* Pods_sidetalk.framework */; };
/* End PBXBuildFile section */

/* Begin PBXContainerItemProxy section */
		451282491CF9295C0088DEDE /* PBXContainerItemProxy */ = {
			isa = PBXContainerItemProxy;
			containerPortal = 451282311CF9295C0088DEDE /* Project object */;
			proxyType = 1;
			remoteGlobalIDString = 451282381CF9295C0088DEDE;
			remoteInfo = sidetalk;
		};
		451282541CF9295C0088DEDE /* PBXContainerItemProxy */ = {
			isa = PBXContainerItemProxy;
			containerPortal = 451282311CF9295C0088DEDE /* Project object */;
			proxyType = 1;
			remoteGlobalIDString = 451282381CF9295C0088DEDE;
			remoteInfo = sidetalk;
		};
/* End PBXContainerItemProxy section */

/* Begin PBXFileReference section */
		450EB7351D27481500AE272B /* STKeychain.swift */ = {isa = PBXFileReference; fileEncoding = 4; lastKnownFileType = sourcecode.swift; name = STKeychain.swift; path = viewmodel/STKeychain.swift; sourceTree = "<group>"; };
		450EB7371D287FAA00AE272B /* PresenceIndicator.swift */ = {isa = PBXFileReference; fileEncoding = 4; lastKnownFileType = sourcecode.swift; name = PresenceIndicator.swift; path = view/PresenceIndicator.swift; sourceTree = "<group>"; };
		451282391CF9295C0088DEDE /* sidetalk.app */ = {isa = PBXFileReference; explicitFileType = wrapper.application; includeInIndex = 0; path = sidetalk.app; sourceTree = BUILT_PRODUCTS_DIR; };
		4512823C1CF9295C0088DEDE /* AppDelegate.swift */ = {isa = PBXFileReference; lastKnownFileType = sourcecode.swift; path = AppDelegate.swift; sourceTree = "<group>"; };
		4512823E1CF9295C0088DEDE /* Assets.xcassets */ = {isa = PBXFileReference; lastKnownFileType = folder.assetcatalog; path = Assets.xcassets; sourceTree = "<group>"; };
		451282411CF9295C0088DEDE /* Base */ = {isa = PBXFileReference; lastKnownFileType = file.xib; name = Base; path = Base.lproj/MainMenu.xib; sourceTree = "<group>"; };
		451282431CF9295C0088DEDE /* Info.plist */ = {isa = PBXFileReference; lastKnownFileType = text.plist.xml; path = Info.plist; sourceTree = "<group>"; };
		451282481CF9295C0088DEDE /* sidetalkTests.xctest */ = {isa = PBXFileReference; explicitFileType = wrapper.cfbundle; includeInIndex = 0; path = sidetalkTests.xctest; sourceTree = BUILT_PRODUCTS_DIR; };
		4512824C1CF9295C0088DEDE /* sidetalkTests.swift */ = {isa = PBXFileReference; lastKnownFileType = sourcecode.swift; path = sidetalkTests.swift; sourceTree = "<group>"; };
		4512824E1CF9295C0088DEDE /* Info.plist */ = {isa = PBXFileReference; lastKnownFileType = text.plist.xml; path = Info.plist; sourceTree = "<group>"; };
		451282531CF9295C0088DEDE /* sidetalkUITests.xctest */ = {isa = PBXFileReference; explicitFileType = wrapper.cfbundle; includeInIndex = 0; path = sidetalkUITests.xctest; sourceTree = BUILT_PRODUCTS_DIR; };
		451282571CF9295C0088DEDE /* sidetalkUITests.swift */ = {isa = PBXFileReference; lastKnownFileType = sourcecode.swift; path = sidetalkUITests.swift; sourceTree = "<group>"; };
		451282591CF9295C0088DEDE /* Info.plist */ = {isa = PBXFileReference; lastKnownFileType = text.plist.xml; path = Info.plist; sourceTree = "<group>"; };
		451282651CFA6F100088DEDE /* MainView.swift */ = {isa = PBXFileReference; fileEncoding = 4; lastKnownFileType = sourcecode.swift; path = MainView.swift; sourceTree = "<group>"; };
		452591C71D1CA93D000CF9F1 /* Impulse.swift */ = {isa = PBXFileReference; fileEncoding = 4; lastKnownFileType = sourcecode.swift; name = Impulse.swift; path = util/Impulse.swift; sourceTree = "<group>"; };
		452591C91D1D0751000CF9F1 /* ArrayExtensions.swift */ = {isa = PBXFileReference; fileEncoding = 4; lastKnownFileType = sourcecode.swift; name = ArrayExtensions.swift; path = util/ArrayExtensions.swift; sourceTree = "<group>"; };
		452591CB1D21F828000CF9F1 /* STTextDelegate.swift */ = {isa = PBXFileReference; fileEncoding = 4; lastKnownFileType = sourcecode.swift; name = STTextDelegate.swift; path = view/STTextDelegate.swift; sourceTree = "<group>"; };
		452591CD1D222329000CF9F1 /* MainState.swift */ = {isa = PBXFileReference; fileEncoding = 4; lastKnownFileType = sourcecode.swift; name = MainState.swift; path = viewmodel/MainState.swift; sourceTree = "<group>"; };
		454DBB971D08E4C30065DA1B /* QuickCache.swift */ = {isa = PBXFileReference; fileEncoding = 4; lastKnownFileType = sourcecode.swift; name = QuickCache.swift; path = util/QuickCache.swift; sourceTree = "<group>"; };
		454DBB991D0935190065DA1B /* ManagedSignal.swift */ = {isa = PBXFileReference; fileEncoding = 4; lastKnownFileType = sourcecode.swift; name = ManagedSignal.swift; path = util/ManagedSignal.swift; sourceTree = "<group>"; };
		457A783D1D0F74DF005D58EF /* Conversation.swift */ = {isa = PBXFileReference; fileEncoding = 4; lastKnownFileType = sourcecode.swift; name = Conversation.swift; path = viewmodel/Conversation.swift; sourceTree = "<group>"; };
		457A783F1D0F8B57005D58EF /* ConversationView.swift */ = {isa = PBXFileReference; fileEncoding = 4; lastKnownFileType = sourcecode.swift; name = ConversationView.swift; path = view/ConversationView.swift; sourceTree = "<group>"; };
		457A78431D14C1F8005D58EF /* MessageView.swift */ = {isa = PBXFileReference; fileEncoding = 4; lastKnownFileType = sourcecode.swift; name = MessageView.swift; path = view/MessageView.swift; sourceTree = "<group>"; };
		457DF97F1D0CB0C4008BE043 /* StatusTile.swift */ = {isa = PBXFileReference; fileEncoding = 4; lastKnownFileType = sourcecode.swift; name = StatusTile.swift; path = view/StatusTile.swift; sourceTree = "<group>"; };
		458A733E1D0A423C0061FAFD /* Connection.swift */ = {isa = PBXFileReference; fileEncoding = 4; lastKnownFileType = sourcecode.swift; name = Connection.swift; path = viewmodel/Connection.swift; sourceTree = "<group>"; };
		458A733F1D0A423C0061FAFD /* Contact.swift */ = {isa = PBXFileReference; fileEncoding = 4; lastKnownFileType = sourcecode.swift; name = Contact.swift; path = viewmodel/Contact.swift; sourceTree = "<group>"; };
		458A73421D0A43FB0061FAFD /* GlobalInteraction.swift */ = {isa = PBXFileReference; fileEncoding = 4; lastKnownFileType = sourcecode.swift; name = GlobalInteraction.swift; path = viewmodel/GlobalInteraction.swift; sourceTree = "<group>"; };
		458A73441D0A51E20061FAFD /* SignalExtensions.swift */ = {isa = PBXFileReference; fileEncoding = 4; lastKnownFileType = sourcecode.swift; name = SignalExtensions.swift; path = util/SignalExtensions.swift; sourceTree = "<group>"; };
		45AEBFEC1CFD1F6700203967 /* XUIBase.h */ = {isa = PBXFileReference; fileEncoding = 4; lastKnownFileType = sourcecode.c.h; name = XUIBase.h; path = XUIKit/XUIBase.h; sourceTree = "<group>"; };
		45AEBFED1CFD1F6700203967 /* XUIBase.m */ = {isa = PBXFileReference; fileEncoding = 4; lastKnownFileType = sourcecode.c.objc; name = XUIBase.m; path = XUIKit/XUIBase.m; sourceTree = "<group>"; };
		45AEBFEE1CFD1F6700203967 /* XUIBezierPathAdditions.h */ = {isa = PBXFileReference; fileEncoding = 4; lastKnownFileType = sourcecode.c.h; name = XUIBezierPathAdditions.h; path = XUIKit/XUIBezierPathAdditions.h; sourceTree = "<group>"; };
		45AEBFEF1CFD1F6700203967 /* XUIBezierPathAdditions.m */ = {isa = PBXFileReference; fileEncoding = 4; lastKnownFileType = sourcecode.c.objc; name = XUIBezierPathAdditions.m; path = XUIKit/XUIBezierPathAdditions.m; sourceTree = "<group>"; };
		45AEBFF01CFD1F6700203967 /* XUIColorAdditions.h */ = {isa = PBXFileReference; fileEncoding = 4; lastKnownFileType = sourcecode.c.h; name = XUIColorAdditions.h; path = XUIKit/XUIColorAdditions.h; sourceTree = "<group>"; };
		45AEBFF11CFD1F6700203967 /* XUIColorAdditions.m */ = {isa = PBXFileReference; fileEncoding = 4; lastKnownFileType = sourcecode.c.objc; name = XUIColorAdditions.m; path = XUIKit/XUIColorAdditions.m; sourceTree = "<group>"; };
		45AEBFF21CFD1F6700203967 /* XUIFontAdditions.h */ = {isa = PBXFileReference; fileEncoding = 4; lastKnownFileType = sourcecode.c.h; name = XUIFontAdditions.h; path = XUIKit/XUIFontAdditions.h; sourceTree = "<group>"; };
		45AEBFF31CFD1F6700203967 /* XUIFontAdditions.m */ = {isa = PBXFileReference; fileEncoding = 4; lastKnownFileType = sourcecode.c.objc; name = XUIFontAdditions.m; path = XUIKit/XUIFontAdditions.m; sourceTree = "<group>"; };
		45AEBFF41CFD1F6700203967 /* XUIGeometry.h */ = {isa = PBXFileReference; fileEncoding = 4; lastKnownFileType = sourcecode.c.h; name = XUIGeometry.h; path = XUIKit/XUIGeometry.h; sourceTree = "<group>"; };
		45AEBFF51CFD1F6700203967 /* XUIGeometry.m */ = {isa = PBXFileReference; fileEncoding = 4; lastKnownFileType = sourcecode.c.objc; name = XUIGeometry.m; path = XUIKit/XUIGeometry.m; sourceTree = "<group>"; };
		45AEBFF61CFD1F6700203967 /* XUIGraphics.h */ = {isa = PBXFileReference; fileEncoding = 4; lastKnownFileType = sourcecode.c.h; name = XUIGraphics.h; path = XUIKit/XUIGraphics.h; sourceTree = "<group>"; };
		45AEBFF71CFD1F6700203967 /* XUIGraphics.m */ = {isa = PBXFileReference; fileEncoding = 4; lastKnownFileType = sourcecode.c.objc; name = XUIGraphics.m; path = XUIKit/XUIGraphics.m; sourceTree = "<group>"; };
		45AEBFF81CFD1F6700203967 /* XUIImageAdditions.h */ = {isa = PBXFileReference; fileEncoding = 4; lastKnownFileType = sourcecode.c.h; name = XUIImageAdditions.h; path = XUIKit/XUIImageAdditions.h; sourceTree = "<group>"; };
		45AEBFF91CFD1F6700203967 /* XUIImageAdditions.m */ = {isa = PBXFileReference; fileEncoding = 4; lastKnownFileType = sourcecode.c.objc; name = XUIImageAdditions.m; path = XUIKit/XUIImageAdditions.m; sourceTree = "<group>"; };
		45AEBFFA1CFD1F6700203967 /* XUIIndexPathAdditions.h */ = {isa = PBXFileReference; fileEncoding = 4; lastKnownFileType = sourcecode.c.h; name = XUIIndexPathAdditions.h; path = XUIKit/XUIIndexPathAdditions.h; sourceTree = "<group>"; };
		45AEBFFB1CFD1F6700203967 /* XUIIndexPathAdditions.m */ = {isa = PBXFileReference; fileEncoding = 4; lastKnownFileType = sourcecode.c.objc; name = XUIIndexPathAdditions.m; path = XUIKit/XUIIndexPathAdditions.m; sourceTree = "<group>"; };
		45AEBFFC1CFD1F6700203967 /* XUIKit.h */ = {isa = PBXFileReference; fileEncoding = 4; lastKnownFileType = sourcecode.c.h; name = XUIKit.h; path = XUIKit/XUIKit.h; sourceTree = "<group>"; };
		45AEBFFD1CFD1F6700203967 /* XUIKitPrefix.pch */ = {isa = PBXFileReference; fileEncoding = 4; lastKnownFileType = sourcecode.c.h; name = XUIKitPrefix.pch; path = XUIKit/XUIKitPrefix.pch; sourceTree = "<group>"; };
		45AEBFFE1CFD1F6700203967 /* XUITypes.h */ = {isa = PBXFileReference; fileEncoding = 4; lastKnownFileType = sourcecode.c.h; name = XUITypes.h; path = XUIKit/XUITypes.h; sourceTree = "<group>"; };
		45AEBFFF1CFD1F6700203967 /* XUIValueAdditions.h */ = {isa = PBXFileReference; fileEncoding = 4; lastKnownFileType = sourcecode.c.h; name = XUIValueAdditions.h; path = XUIKit/XUIValueAdditions.h; sourceTree = "<group>"; };
		45AEC0001CFD1F6700203967 /* XUIValueAdditions.m */ = {isa = PBXFileReference; fileEncoding = 4; lastKnownFileType = sourcecode.c.objc; name = XUIValueAdditions.m; path = XUIKit/XUIValueAdditions.m; sourceTree = "<group>"; };
		45AEC0011CFD1F6700203967 /* XUIView.h */ = {isa = PBXFileReference; fileEncoding = 4; lastKnownFileType = sourcecode.c.h; name = XUIView.h; path = XUIKit/XUIView.h; sourceTree = "<group>"; };
		45AEC0021CFD1F6700203967 /* XUIView.m */ = {isa = PBXFileReference; fileEncoding = 4; lastKnownFileType = sourcecode.c.objc; name = XUIView.m; path = XUIKit/XUIView.m; sourceTree = "<group>"; };
		45AEC0031CFD1F6700203967 /* XUIViewAdditions.h */ = {isa = PBXFileReference; fileEncoding = 4; lastKnownFileType = sourcecode.c.h; name = XUIViewAdditions.h; path = XUIKit/XUIViewAdditions.h; sourceTree = "<group>"; };
		45AEC0041CFD1F6700203967 /* XUIViewAdditions.m */ = {isa = PBXFileReference; fileEncoding = 4; lastKnownFileType = sourcecode.c.objc; name = XUIViewAdditions.m; path = XUIKit/XUIViewAdditions.m; sourceTree = "<group>"; };
		45AEC0101CFD1FBB00203967 /* sidetalk-Bridging-Header.h */ = {isa = PBXFileReference; fileEncoding = 4; lastKnownFileType = sourcecode.c.h; path = "sidetalk-Bridging-Header.h"; sourceTree = "<group>"; };
		45AEC0151CFD58AA00203967 /* ContactTile.swift */ = {isa = PBXFileReference; fileEncoding = 4; lastKnownFileType = sourcecode.swift; name = ContactTile.swift; path = view/ContactTile.swift; sourceTree = "<group>"; };
		45AEC0171CFD592600203967 /* Common.swift */ = {isa = PBXFileReference; fileEncoding = 4; lastKnownFileType = sourcecode.swift; path = Common.swift; sourceTree = "<group>"; };
		45AEC0191CFD59CF00203967 /* AvatarLayer.swift */ = {isa = PBXFileReference; fileEncoding = 4; lastKnownFileType = sourcecode.swift; name = AvatarLayer.swift; path = view/AvatarLayer.swift; sourceTree = "<group>"; };
		5ABBCA9B60EDB56B8AD71D06 /* Pods-sidetalk.debug.xcconfig */ = {isa = PBXFileReference; includeInIndex = 1; lastKnownFileType = text.xcconfig; name = "Pods-sidetalk.debug.xcconfig"; path = "Pods/Target Support Files/Pods-sidetalk/Pods-sidetalk.debug.xcconfig"; sourceTree = "<group>"; };
		8D154A4621A69E3A2385A355 /* Pods_sidetalk.framework */ = {isa = PBXFileReference; explicitFileType = wrapper.framework; includeInIndex = 0; path = Pods_sidetalk.framework; sourceTree = BUILT_PRODUCTS_DIR; };
		FCAD5AE797180E70F2B7A50D /* Pods-sidetalk.release.xcconfig */ = {isa = PBXFileReference; includeInIndex = 1; lastKnownFileType = text.xcconfig; name = "Pods-sidetalk.release.xcconfig"; path = "Pods/Target Support Files/Pods-sidetalk/Pods-sidetalk.release.xcconfig"; sourceTree = "<group>"; };
/* End PBXFileReference section */

/* Begin PBXFrameworksBuildPhase section */
		451282361CF9295C0088DEDE /* Frameworks */ = {
			isa = PBXFrameworksBuildPhase;
			buildActionMask = 2147483647;
			files = (
				90AA672577DACDA911E88D99 /* Pods_sidetalk.framework in Frameworks */,
			);
			runOnlyForDeploymentPostprocessing = 0;
		};
		451282451CF9295C0088DEDE /* Frameworks */ = {
			isa = PBXFrameworksBuildPhase;
			buildActionMask = 2147483647;
			files = (
			);
			runOnlyForDeploymentPostprocessing = 0;
		};
		451282501CF9295C0088DEDE /* Frameworks */ = {
			isa = PBXFrameworksBuildPhase;
			buildActionMask = 2147483647;
			files = (
			);
			runOnlyForDeploymentPostprocessing = 0;
		};
/* End PBXFrameworksBuildPhase section */

/* Begin PBXGroup section */
		20C2CDBAC60F82B91BC4E222 /* Pods */ = {
			isa = PBXGroup;
			children = (
				5ABBCA9B60EDB56B8AD71D06 /* Pods-sidetalk.debug.xcconfig */,
				FCAD5AE797180E70F2B7A50D /* Pods-sidetalk.release.xcconfig */,
			);
			name = Pods;
			sourceTree = "<group>";
		};
		451282301CF9295C0088DEDE = {
			isa = PBXGroup;
			children = (
				45AEBFC41CFACECE00203967 /* XUIKit */,
				4512823B1CF9295C0088DEDE /* sidetalk */,
				4512824B1CF9295C0088DEDE /* sidetalkTests */,
				451282561CF9295C0088DEDE /* sidetalkUITests */,
				4512823A1CF9295C0088DEDE /* Products */,
				20C2CDBAC60F82B91BC4E222 /* Pods */,
				BB9011329A928A5FA96886C7 /* Frameworks */,
			);
			sourceTree = "<group>";
		};
		4512823A1CF9295C0088DEDE /* Products */ = {
			isa = PBXGroup;
			children = (
				451282391CF9295C0088DEDE /* sidetalk.app */,
				451282481CF9295C0088DEDE /* sidetalkTests.xctest */,
				451282531CF9295C0088DEDE /* sidetalkUITests.xctest */,
			);
			name = Products;
			sourceTree = "<group>";
		};
		4512823B1CF9295C0088DEDE /* sidetalk */ = {
			isa = PBXGroup;
			children = (
				454DBB961D08E47F0065DA1B /* util */,
				45AEC0141CFD589600203967 /* view */,
				45AEC0111CFD57C800203967 /* viewmodel */,
				45AEC0101CFD1FBB00203967 /* sidetalk-Bridging-Header.h */,
				4512823C1CF9295C0088DEDE /* AppDelegate.swift */,
				4512823E1CF9295C0088DEDE /* Assets.xcassets */,
				451282401CF9295C0088DEDE /* MainMenu.xib */,
				451282431CF9295C0088DEDE /* Info.plist */,
				451282651CFA6F100088DEDE /* MainView.swift */,
			);
			path = sidetalk;
			sourceTree = "<group>";
		};
		4512824B1CF9295C0088DEDE /* sidetalkTests */ = {
			isa = PBXGroup;
			children = (
				4512824C1CF9295C0088DEDE /* sidetalkTests.swift */,
				4512824E1CF9295C0088DEDE /* Info.plist */,
			);
			path = sidetalkTests;
			sourceTree = "<group>";
		};
		451282561CF9295C0088DEDE /* sidetalkUITests */ = {
			isa = PBXGroup;
			children = (
				451282571CF9295C0088DEDE /* sidetalkUITests.swift */,
				451282591CF9295C0088DEDE /* Info.plist */,
			);
			path = sidetalkUITests;
			sourceTree = "<group>";
		};
		454DBB961D08E47F0065DA1B /* util */ = {
			isa = PBXGroup;
			children = (
				454DBB971D08E4C30065DA1B /* QuickCache.swift */,
				454DBB991D0935190065DA1B /* ManagedSignal.swift */,
				458A73441D0A51E20061FAFD /* SignalExtensions.swift */,
				452591C71D1CA93D000CF9F1 /* Impulse.swift */,
				452591C91D1D0751000CF9F1 /* ArrayExtensions.swift */,
			);
			name = util;
			sourceTree = "<group>";
		};
		45AEBFC41CFACECE00203967 /* XUIKit */ = {
			isa = PBXGroup;
			children = (
				45AEBFEC1CFD1F6700203967 /* XUIBase.h */,
				45AEBFED1CFD1F6700203967 /* XUIBase.m */,
				45AEBFEE1CFD1F6700203967 /* XUIBezierPathAdditions.h */,
				45AEBFEF1CFD1F6700203967 /* XUIBezierPathAdditions.m */,
				45AEBFF01CFD1F6700203967 /* XUIColorAdditions.h */,
				45AEBFF11CFD1F6700203967 /* XUIColorAdditions.m */,
				45AEBFF21CFD1F6700203967 /* XUIFontAdditions.h */,
				45AEBFF31CFD1F6700203967 /* XUIFontAdditions.m */,
				45AEBFF41CFD1F6700203967 /* XUIGeometry.h */,
				45AEBFF51CFD1F6700203967 /* XUIGeometry.m */,
				45AEBFF61CFD1F6700203967 /* XUIGraphics.h */,
				45AEBFF71CFD1F6700203967 /* XUIGraphics.m */,
				45AEBFF81CFD1F6700203967 /* XUIImageAdditions.h */,
				45AEBFF91CFD1F6700203967 /* XUIImageAdditions.m */,
				45AEBFFA1CFD1F6700203967 /* XUIIndexPathAdditions.h */,
				45AEBFFB1CFD1F6700203967 /* XUIIndexPathAdditions.m */,
				45AEBFFC1CFD1F6700203967 /* XUIKit.h */,
				45AEBFFD1CFD1F6700203967 /* XUIKitPrefix.pch */,
				45AEBFFE1CFD1F6700203967 /* XUITypes.h */,
				45AEBFFF1CFD1F6700203967 /* XUIValueAdditions.h */,
				45AEC0001CFD1F6700203967 /* XUIValueAdditions.m */,
				45AEC0011CFD1F6700203967 /* XUIView.h */,
				45AEC0021CFD1F6700203967 /* XUIView.m */,
				45AEC0031CFD1F6700203967 /* XUIViewAdditions.h */,
				45AEC0041CFD1F6700203967 /* XUIViewAdditions.m */,
			);
			name = XUIKit;
			sourceTree = "<group>";
		};
		45AEC0111CFD57C800203967 /* viewmodel */ = {
			isa = PBXGroup;
			children = (
				458A733E1D0A423C0061FAFD /* Connection.swift */,
				458A733F1D0A423C0061FAFD /* Contact.swift */,
				458A73421D0A43FB0061FAFD /* GlobalInteraction.swift */,
				457A783D1D0F74DF005D58EF /* Conversation.swift */,
				452591CD1D222329000CF9F1 /* MainState.swift */,
				450EB7351D27481500AE272B /* STKeychain.swift */,
			);
			name = viewmodel;
			sourceTree = "<group>";
		};
		45AEC0141CFD589600203967 /* view */ = {
			isa = PBXGroup;
			children = (
				45AEC0191CFD59CF00203967 /* AvatarLayer.swift */,
				45AEC0151CFD58AA00203967 /* ContactTile.swift */,
				45AEC0171CFD592600203967 /* Common.swift */,
				457DF97F1D0CB0C4008BE043 /* StatusTile.swift */,
				457A783F1D0F8B57005D58EF /* ConversationView.swift */,
				457A78431D14C1F8005D58EF /* MessageView.swift */,
				452591CB1D21F828000CF9F1 /* STTextDelegate.swift */,
				450EB7371D287FAA00AE272B /* PresenceIndicator.swift */,
			);
			name = view;
			sourceTree = "<group>";
		};
		BB9011329A928A5FA96886C7 /* Frameworks */ = {
			isa = PBXGroup;
			children = (
				8D154A4621A69E3A2385A355 /* Pods_sidetalk.framework */,
			);
			name = Frameworks;
			sourceTree = "<group>";
		};
/* End PBXGroup section */

/* Begin PBXNativeTarget section */
		451282381CF9295C0088DEDE /* sidetalk */ = {
			isa = PBXNativeTarget;
			buildConfigurationList = 4512825C1CF9295C0088DEDE /* Build configuration list for PBXNativeTarget "sidetalk" */;
			buildPhases = (
				DF5FA44C15BAEE0E81391B35 /* 📦 Check Pods Manifest.lock */,
				451282351CF9295C0088DEDE /* Sources */,
				451282361CF9295C0088DEDE /* Frameworks */,
				451282371CF9295C0088DEDE /* Resources */,
				9C640F2C71E76017DC2EDCB9 /* 📦 Embed Pods Frameworks */,
				22879BC26977A39BEFDEB8C1 /* 📦 Copy Pods Resources */,
			);
			buildRules = (
			);
			dependencies = (
			);
			name = sidetalk;
			productName = sidetalk;
			productReference = 451282391CF9295C0088DEDE /* sidetalk.app */;
			productType = "com.apple.product-type.application";
		};
		451282471CF9295C0088DEDE /* sidetalkTests */ = {
			isa = PBXNativeTarget;
			buildConfigurationList = 4512825F1CF9295C0088DEDE /* Build configuration list for PBXNativeTarget "sidetalkTests" */;
			buildPhases = (
				451282441CF9295C0088DEDE /* Sources */,
				451282451CF9295C0088DEDE /* Frameworks */,
				451282461CF9295C0088DEDE /* Resources */,
			);
			buildRules = (
			);
			dependencies = (
				4512824A1CF9295C0088DEDE /* PBXTargetDependency */,
			);
			name = sidetalkTests;
			productName = sidetalkTests;
			productReference = 451282481CF9295C0088DEDE /* sidetalkTests.xctest */;
			productType = "com.apple.product-type.bundle.unit-test";
		};
		451282521CF9295C0088DEDE /* sidetalkUITests */ = {
			isa = PBXNativeTarget;
			buildConfigurationList = 451282621CF9295C0088DEDE /* Build configuration list for PBXNativeTarget "sidetalkUITests" */;
			buildPhases = (
				4512824F1CF9295C0088DEDE /* Sources */,
				451282501CF9295C0088DEDE /* Frameworks */,
				451282511CF9295C0088DEDE /* Resources */,
			);
			buildRules = (
			);
			dependencies = (
				451282551CF9295C0088DEDE /* PBXTargetDependency */,
			);
			name = sidetalkUITests;
			productName = sidetalkUITests;
			productReference = 451282531CF9295C0088DEDE /* sidetalkUITests.xctest */;
			productType = "com.apple.product-type.bundle.ui-testing";
		};
/* End PBXNativeTarget section */

/* Begin PBXProject section */
		451282311CF9295C0088DEDE /* Project object */ = {
			isa = PBXProject;
			attributes = {
				LastSwiftUpdateCheck = 0730;
				LastUpgradeCheck = 0730;
				ORGANIZATIONNAME = clint;
				TargetAttributes = {
					451282381CF9295C0088DEDE = {
						CreatedOnToolsVersion = 7.3.1;
					};
					451282471CF9295C0088DEDE = {
						CreatedOnToolsVersion = 7.3.1;
						TestTargetID = 451282381CF9295C0088DEDE;
					};
					451282521CF9295C0088DEDE = {
						CreatedOnToolsVersion = 7.3.1;
						TestTargetID = 451282381CF9295C0088DEDE;
					};
				};
			};
			buildConfigurationList = 451282341CF9295C0088DEDE /* Build configuration list for PBXProject "sidetalk" */;
			compatibilityVersion = "Xcode 3.2";
			developmentRegion = English;
			hasScannedForEncodings = 0;
			knownRegions = (
				en,
				Base,
			);
			mainGroup = 451282301CF9295C0088DEDE;
			productRefGroup = 4512823A1CF9295C0088DEDE /* Products */;
			projectDirPath = "";
			projectRoot = "";
			targets = (
				451282381CF9295C0088DEDE /* sidetalk */,
				451282471CF9295C0088DEDE /* sidetalkTests */,
				451282521CF9295C0088DEDE /* sidetalkUITests */,
			);
		};
/* End PBXProject section */

/* Begin PBXResourcesBuildPhase section */
		451282371CF9295C0088DEDE /* Resources */ = {
			isa = PBXResourcesBuildPhase;
			buildActionMask = 2147483647;
			files = (
				4512823F1CF9295C0088DEDE /* Assets.xcassets in Resources */,
				451282421CF9295C0088DEDE /* MainMenu.xib in Resources */,
			);
			runOnlyForDeploymentPostprocessing = 0;
		};
		451282461CF9295C0088DEDE /* Resources */ = {
			isa = PBXResourcesBuildPhase;
			buildActionMask = 2147483647;
			files = (
			);
			runOnlyForDeploymentPostprocessing = 0;
		};
		451282511CF9295C0088DEDE /* Resources */ = {
			isa = PBXResourcesBuildPhase;
			buildActionMask = 2147483647;
			files = (
			);
			runOnlyForDeploymentPostprocessing = 0;
		};
/* End PBXResourcesBuildPhase section */

/* Begin PBXShellScriptBuildPhase section */
		22879BC26977A39BEFDEB8C1 /* 📦 Copy Pods Resources */ = {
			isa = PBXShellScriptBuildPhase;
			buildActionMask = 2147483647;
			files = (
			);
			inputPaths = (
			);
			name = "📦 Copy Pods Resources";
			outputPaths = (
			);
			runOnlyForDeploymentPostprocessing = 0;
			shellPath = /bin/sh;
			shellScript = "\"${SRCROOT}/Pods/Target Support Files/Pods-sidetalk/Pods-sidetalk-resources.sh\"\n";
			showEnvVarsInLog = 0;
		};
		9C640F2C71E76017DC2EDCB9 /* 📦 Embed Pods Frameworks */ = {
			isa = PBXShellScriptBuildPhase;
			buildActionMask = 2147483647;
			files = (
			);
			inputPaths = (
			);
			name = "📦 Embed Pods Frameworks";
			outputPaths = (
			);
			runOnlyForDeploymentPostprocessing = 0;
			shellPath = /bin/sh;
			shellScript = "\"${SRCROOT}/Pods/Target Support Files/Pods-sidetalk/Pods-sidetalk-frameworks.sh\"\n";
			showEnvVarsInLog = 0;
		};
		DF5FA44C15BAEE0E81391B35 /* 📦 Check Pods Manifest.lock */ = {
			isa = PBXShellScriptBuildPhase;
			buildActionMask = 2147483647;
			files = (
			);
			inputPaths = (
			);
			name = "📦 Check Pods Manifest.lock";
			outputPaths = (
			);
			runOnlyForDeploymentPostprocessing = 0;
			shellPath = /bin/sh;
			shellScript = "diff \"${PODS_ROOT}/../Podfile.lock\" \"${PODS_ROOT}/Manifest.lock\" > /dev/null\nif [[ $? != 0 ]] ; then\n    cat << EOM\nerror: The sandbox is not in sync with the Podfile.lock. Run 'pod install' or update your CocoaPods installation.\nEOM\n    exit 1\nfi\n";
			showEnvVarsInLog = 0;
		};
/* End PBXShellScriptBuildPhase section */

/* Begin PBXSourcesBuildPhase section */
		451282351CF9295C0088DEDE /* Sources */ = {
			isa = PBXSourcesBuildPhase;
			buildActionMask = 2147483647;
			files = (
				450EB7361D27481500AE272B /* STKeychain.swift in Sources */,
				457A783E1D0F74DF005D58EF /* Conversation.swift in Sources */,
				45AEC0181CFD592600203967 /* Common.swift in Sources */,
				454DBB9A1D0935190065DA1B /* ManagedSignal.swift in Sources */,
				450EB7381D287FAA00AE272B /* PresenceIndicator.swift in Sources */,
				454DBB981D08E4C30065DA1B /* QuickCache.swift in Sources */,
				458A73451D0A51E20061FAFD /* SignalExtensions.swift in Sources */,
				45AEC00E1CFD1F6700203967 /* XUIView.m in Sources */,
				45AEC00D1CFD1F6700203967 /* XUIValueAdditions.m in Sources */,
				451282661CFA6F100088DEDE /* MainView.swift in Sources */,
				45AEC00F1CFD1F6700203967 /* XUIViewAdditions.m in Sources */,
				45AEC0051CFD1F6700203967 /* XUIBase.m in Sources */,
				45AEC01A1CFD59CF00203967 /* AvatarLayer.swift in Sources */,
				45AEC0091CFD1F6700203967 /* XUIGeometry.m in Sources */,
				45AEC0161CFD58AA00203967 /* ContactTile.swift in Sources */,
				458A73401D0A423C0061FAFD /* Connection.swift in Sources */,
				458A73411D0A423C0061FAFD /* Contact.swift in Sources */,
				45AEC0061CFD1F6700203967 /* XUIBezierPathAdditions.m in Sources */,
				452591CE1D222329000CF9F1 /* MainState.swift in Sources */,
				457DF9801D0CB0C4008BE043 /* StatusTile.swift in Sources */,
				45AEC0081CFD1F6700203967 /* XUIFontAdditions.m in Sources */,
				457A78441D14C1F8005D58EF /* MessageView.swift in Sources */,
				458A73431D0A43FB0061FAFD /* GlobalInteraction.swift in Sources */,
				457A78401D0F8B57005D58EF /* ConversationView.swift in Sources */,
				45AEC00C1CFD1F6700203967 /* XUIIndexPathAdditions.m in Sources */,
				45AEC00B1CFD1F6700203967 /* XUIImageAdditions.m in Sources */,
				452591CA1D1D0751000CF9F1 /* ArrayExtensions.swift in Sources */,
				452591CC1D21F828000CF9F1 /* STTextDelegate.swift in Sources */,
				452591C81D1CA93D000CF9F1 /* Impulse.swift in Sources */,
				45AEC0071CFD1F6700203967 /* XUIColorAdditions.m in Sources */,
				4512823D1CF9295C0088DEDE /* AppDelegate.swift in Sources */,
				45AEC00A1CFD1F6700203967 /* XUIGraphics.m in Sources */,
			);
			runOnlyForDeploymentPostprocessing = 0;
		};
		451282441CF9295C0088DEDE /* Sources */ = {
			isa = PBXSourcesBuildPhase;
			buildActionMask = 2147483647;
			files = (
				4512824D1CF9295C0088DEDE /* sidetalkTests.swift in Sources */,
			);
			runOnlyForDeploymentPostprocessing = 0;
		};
		4512824F1CF9295C0088DEDE /* Sources */ = {
			isa = PBXSourcesBuildPhase;
			buildActionMask = 2147483647;
			files = (
				451282581CF9295C0088DEDE /* sidetalkUITests.swift in Sources */,
			);
			runOnlyForDeploymentPostprocessing = 0;
		};
/* End PBXSourcesBuildPhase section */

/* Begin PBXTargetDependency section */
		4512824A1CF9295C0088DEDE /* PBXTargetDependency */ = {
			isa = PBXTargetDependency;
			target = 451282381CF9295C0088DEDE /* sidetalk */;
			targetProxy = 451282491CF9295C0088DEDE /* PBXContainerItemProxy */;
		};
		451282551CF9295C0088DEDE /* PBXTargetDependency */ = {
			isa = PBXTargetDependency;
			target = 451282381CF9295C0088DEDE /* sidetalk */;
			targetProxy = 451282541CF9295C0088DEDE /* PBXContainerItemProxy */;
		};
/* End PBXTargetDependency section */

/* Begin PBXVariantGroup section */
		451282401CF9295C0088DEDE /* MainMenu.xib */ = {
			isa = PBXVariantGroup;
			children = (
				451282411CF9295C0088DEDE /* Base */,
			);
			name = MainMenu.xib;
			sourceTree = "<group>";
		};
/* End PBXVariantGroup section */

/* Begin XCBuildConfiguration section */
		4512825A1CF9295C0088DEDE /* Debug */ = {
			isa = XCBuildConfiguration;
			buildSettings = {
				ALWAYS_SEARCH_USER_PATHS = NO;
				CLANG_ANALYZER_NONNULL = YES;
				CLANG_CXX_LANGUAGE_STANDARD = "gnu++0x";
				CLANG_CXX_LIBRARY = "libc++";
				CLANG_ENABLE_MODULES = YES;
				CLANG_ENABLE_OBJC_ARC = YES;
				CLANG_WARN_BOOL_CONVERSION = YES;
				CLANG_WARN_CONSTANT_CONVERSION = YES;
				CLANG_WARN_DIRECT_OBJC_ISA_USAGE = YES_ERROR;
				CLANG_WARN_EMPTY_BODY = YES;
				CLANG_WARN_ENUM_CONVERSION = YES;
				CLANG_WARN_INT_CONVERSION = YES;
				CLANG_WARN_OBJC_ROOT_CLASS = YES_ERROR;
				CLANG_WARN_UNREACHABLE_CODE = YES;
				CLANG_WARN__DUPLICATE_METHOD_MATCH = YES;
				CODE_SIGN_IDENTITY = "-";
				COPY_PHASE_STRIP = NO;
				DEBUG_INFORMATION_FORMAT = dwarf;
				ENABLE_STRICT_OBJC_MSGSEND = YES;
				ENABLE_TESTABILITY = YES;
				GCC_C_LANGUAGE_STANDARD = gnu99;
				GCC_DYNAMIC_NO_PIC = NO;
				GCC_NO_COMMON_BLOCKS = YES;
				GCC_OPTIMIZATION_LEVEL = 0;
				GCC_PREPROCESSOR_DEFINITIONS = (
					"DEBUG=1",
					"$(inherited)",
				);
				GCC_WARN_64_TO_32_BIT_CONVERSION = YES;
				GCC_WARN_ABOUT_RETURN_TYPE = YES_ERROR;
				GCC_WARN_UNDECLARED_SELECTOR = YES;
				GCC_WARN_UNINITIALIZED_AUTOS = YES_AGGRESSIVE;
				GCC_WARN_UNUSED_FUNCTION = YES;
				GCC_WARN_UNUSED_VARIABLE = YES;
				HEADER_SEARCH_PATHS = (
					"$(inherited)",
					"$(SRCROOT)",
				);
				MACOSX_DEPLOYMENT_TARGET = 10.11;
				MTL_ENABLE_DEBUG_INFO = YES;
				ONLY_ACTIVE_ARCH = YES;
				OTHER_CFLAGS = "";
				SDKROOT = macosx;
				SWIFT_OBJC_BRIDGING_HEADER = "$(SRCROOT)/sidetalk/sidetalk-Bridging-Header.h";
				SWIFT_OPTIMIZATION_LEVEL = "-Onone";
			};
			name = Debug;
		};
		4512825B1CF9295C0088DEDE /* Release */ = {
			isa = XCBuildConfiguration;
			buildSettings = {
				ALWAYS_SEARCH_USER_PATHS = NO;
				CLANG_ANALYZER_NONNULL = YES;
				CLANG_CXX_LANGUAGE_STANDARD = "gnu++0x";
				CLANG_CXX_LIBRARY = "libc++";
				CLANG_ENABLE_MODULES = YES;
				CLANG_ENABLE_OBJC_ARC = YES;
				CLANG_WARN_BOOL_CONVERSION = YES;
				CLANG_WARN_CONSTANT_CONVERSION = YES;
				CLANG_WARN_DIRECT_OBJC_ISA_USAGE = YES_ERROR;
				CLANG_WARN_EMPTY_BODY = YES;
				CLANG_WARN_ENUM_CONVERSION = YES;
				CLANG_WARN_INT_CONVERSION = YES;
				CLANG_WARN_OBJC_ROOT_CLASS = YES_ERROR;
				CLANG_WARN_UNREACHABLE_CODE = YES;
				CLANG_WARN__DUPLICATE_METHOD_MATCH = YES;
				CODE_SIGN_IDENTITY = "-";
				COPY_PHASE_STRIP = NO;
				DEBUG_INFORMATION_FORMAT = "dwarf-with-dsym";
				ENABLE_NS_ASSERTIONS = NO;
				ENABLE_STRICT_OBJC_MSGSEND = YES;
				GCC_C_LANGUAGE_STANDARD = gnu99;
				GCC_NO_COMMON_BLOCKS = YES;
				GCC_WARN_64_TO_32_BIT_CONVERSION = YES;
				GCC_WARN_ABOUT_RETURN_TYPE = YES_ERROR;
				GCC_WARN_UNDECLARED_SELECTOR = YES;
				GCC_WARN_UNINITIALIZED_AUTOS = YES_AGGRESSIVE;
				GCC_WARN_UNUSED_FUNCTION = YES;
				GCC_WARN_UNUSED_VARIABLE = YES;
				HEADER_SEARCH_PATHS = (
					"$(inherited)",
					"$(SRCROOT)",
				);
				MACOSX_DEPLOYMENT_TARGET = 10.11;
				MTL_ENABLE_DEBUG_INFO = NO;
				OTHER_CFLAGS = "";
				SDKROOT = macosx;
				SWIFT_OBJC_BRIDGING_HEADER = "$(SRCROOT)/sidetalk/sidetalk-Bridging-Header.h";
			};
			name = Release;
		};
		4512825D1CF9295C0088DEDE /* Debug */ = {
			isa = XCBuildConfiguration;
			baseConfigurationReference = 5ABBCA9B60EDB56B8AD71D06 /* Pods-sidetalk.debug.xcconfig */;
			buildSettings = {
				ASSETCATALOG_COMPILER_APPICON_NAME = AppIcon;
				CLANG_ENABLE_MODULES = YES;
				COMBINE_HIDPI_IMAGES = YES;
				HEADER_SEARCH_PATHS = "$(inherited)";
				INFOPLIST_FILE = sidetalk/Info.plist;
				LD_RUNPATH_SEARCH_PATHS = "$(inherited) @executable_path/../Frameworks";
				PRODUCT_BUNDLE_IDENTIFIER = com.giantacorn.sidetalk;
				PRODUCT_NAME = "$(TARGET_NAME)";
				SWIFT_OBJC_BRIDGING_HEADER = "sidetalk/sidetalk-Bridging-Header.h";
				SWIFT_OPTIMIZATION_LEVEL = "-Onone";
			};
			name = Debug;
		};
		4512825E1CF9295C0088DEDE /* Release */ = {
			isa = XCBuildConfiguration;
			baseConfigurationReference = FCAD5AE797180E70F2B7A50D /* Pods-sidetalk.release.xcconfig */;
			buildSettings = {
				ASSETCATALOG_COMPILER_APPICON_NAME = AppIcon;
				CLANG_ENABLE_MODULES = YES;
				COMBINE_HIDPI_IMAGES = YES;
				HEADER_SEARCH_PATHS = "$(inherited)";
				INFOPLIST_FILE = sidetalk/Info.plist;
				LD_RUNPATH_SEARCH_PATHS = "$(inherited) @executable_path/../Frameworks";
				PRODUCT_BUNDLE_IDENTIFIER = com.giantacorn.sidetalk;
				PRODUCT_NAME = "$(TARGET_NAME)";
				SWIFT_OBJC_BRIDGING_HEADER = "sidetalk/sidetalk-Bridging-Header.h";
			};
			name = Release;
		};
		451282601CF9295C0088DEDE /* Debug */ = {
			isa = XCBuildConfiguration;
			buildSettings = {
				BUNDLE_LOADER = "$(TEST_HOST)";
				COMBINE_HIDPI_IMAGES = YES;
				INFOPLIST_FILE = sidetalkTests/Info.plist;
				LD_RUNPATH_SEARCH_PATHS = "$(inherited) @executable_path/../Frameworks @loader_path/../Frameworks";
				PRODUCT_BUNDLE_IDENTIFIER = com.giantacorn.sidetalkTests;
				PRODUCT_NAME = "$(TARGET_NAME)";
				TEST_HOST = "$(BUILT_PRODUCTS_DIR)/sidetalk.app/Contents/MacOS/sidetalk";
			};
			name = Debug;
		};
		451282611CF9295C0088DEDE /* Release */ = {
			isa = XCBuildConfiguration;
			buildSettings = {
				BUNDLE_LOADER = "$(TEST_HOST)";
				COMBINE_HIDPI_IMAGES = YES;
				INFOPLIST_FILE = sidetalkTests/Info.plist;
				LD_RUNPATH_SEARCH_PATHS = "$(inherited) @executable_path/../Frameworks @loader_path/../Frameworks";
				PRODUCT_BUNDLE_IDENTIFIER = com.giantacorn.sidetalkTests;
				PRODUCT_NAME = "$(TARGET_NAME)";
				TEST_HOST = "$(BUILT_PRODUCTS_DIR)/sidetalk.app/Contents/MacOS/sidetalk";
			};
			name = Release;
		};
		451282631CF9295C0088DEDE /* Debug */ = {
			isa = XCBuildConfiguration;
			buildSettings = {
				COMBINE_HIDPI_IMAGES = YES;
				INFOPLIST_FILE = sidetalkUITests/Info.plist;
				LD_RUNPATH_SEARCH_PATHS = "$(inherited) @executable_path/../Frameworks @loader_path/../Frameworks";
				PRODUCT_BUNDLE_IDENTIFIER = com.giantacorn.sidetalkUITests;
				PRODUCT_NAME = "$(TARGET_NAME)";
				TEST_TARGET_NAME = sidetalk;
			};
			name = Debug;
		};
		451282641CF9295C0088DEDE /* Release */ = {
			isa = XCBuildConfiguration;
			buildSettings = {
				COMBINE_HIDPI_IMAGES = YES;
				INFOPLIST_FILE = sidetalkUITests/Info.plist;
				LD_RUNPATH_SEARCH_PATHS = "$(inherited) @executable_path/../Frameworks @loader_path/../Frameworks";
				PRODUCT_BUNDLE_IDENTIFIER = com.giantacorn.sidetalkUITests;
				PRODUCT_NAME = "$(TARGET_NAME)";
				TEST_TARGET_NAME = sidetalk;
			};
			name = Release;
		};
/* End XCBuildConfiguration section */

/* Begin XCConfigurationList section */
		451282341CF9295C0088DEDE /* Build configuration list for PBXProject "sidetalk" */ = {
			isa = XCConfigurationList;
			buildConfigurations = (
				4512825A1CF9295C0088DEDE /* Debug */,
				4512825B1CF9295C0088DEDE /* Release */,
			);
			defaultConfigurationIsVisible = 0;
			defaultConfigurationName = Release;
		};
		4512825C1CF9295C0088DEDE /* Build configuration list for PBXNativeTarget "sidetalk" */ = {
			isa = XCConfigurationList;
			buildConfigurations = (
				4512825D1CF9295C0088DEDE /* Debug */,
				4512825E1CF9295C0088DEDE /* Release */,
			);
			defaultConfigurationIsVisible = 0;
			defaultConfigurationName = Release;
		};
		4512825F1CF9295C0088DEDE /* Build configuration list for PBXNativeTarget "sidetalkTests" */ = {
			isa = XCConfigurationList;
			buildConfigurations = (
				451282601CF9295C0088DEDE /* Debug */,
				451282611CF9295C0088DEDE /* Release */,
			);
			defaultConfigurationIsVisible = 0;
			defaultConfigurationName = Release;
		};
		451282621CF9295C0088DEDE /* Build configuration list for PBXNativeTarget "sidetalkUITests" */ = {
			isa = XCConfigurationList;
			buildConfigurations = (
				451282631CF9295C0088DEDE /* Debug */,
				451282641CF9295C0088DEDE /* Release */,
			);
			defaultConfigurationIsVisible = 0;
			defaultConfigurationName = Release;
		};
/* End XCConfigurationList section */
	};
	rootObject = 451282311CF9295C0088DEDE /* Project object */;
}
